
Microsoft Visual Studio Solution File, Format Version 12.00
# Visual Studio Version 17
VisualStudioVersion = 17.11.35312.102
MinimumVisualStudioVersion = 10.0.40219.1
Project("{9A19103F-16F7-4668-BE54-9A1E7A4F7556}") = "DataAccessLayer", "DataAccessLayer\DataAccessLayer.csproj", "{ADD15F1D-3B42-4137-9288-EA0F7B03FE0A}"
EndProject
Project("{FAE04EC0-301F-11D3-BF4B-00C04F79EFBC}") = "SqlDatabaseUpdate", "SqlDatabaseUpdate\SqlDatabaseUpdate.csproj", "{32B893FD-7B72-4081-99D2-5DA9D75FA640}"
EndProject
Project("{FAE04EC0-301F-11D3-BF4B-00C04F79EFBC}") = "DataAccessLayerTests", "DataAccessLayerTests\DataAccessLayerTests.csproj", "{3E25A23B-EF72-46FE-B8CF-875F010A492A}"
EndProject
Global
	GlobalSection(SolutionConfigurationPlatforms) = preSolution
		Debug|Any CPU = Debug|Any CPU
		Release|Any CPU = Release|Any CPU
	EndGlobalSection
	GlobalSection(ProjectConfigurationPlatforms) = postSolution
		{ADD15F1D-3B42-4137-9288-EA0F7B03FE0A}.Debug|Any CPU.ActiveCfg = Debug|Any CPU
		{ADD15F1D-3B42-4137-9288-EA0F7B03FE0A}.Debug|Any CPU.Build.0 = Debug|Any CPU
		{ADD15F1D-3B42-4137-9288-EA0F7B03FE0A}.Release|Any CPU.ActiveCfg = Release|Any CPU
		{ADD15F1D-3B42-4137-9288-EA0F7B03FE0A}.Release|Any CPU.Build.0 = Release|Any CPU
		{32B893FD-7B72-4081-99D2-5DA9D75FA640}.Debug|Any CPU.ActiveCfg = Debug|Any CPU
		{32B893FD-7B72-4081-99D2-5DA9D75FA640}.Debug|Any CPU.Build.0 = Debug|Any CPU
		{32B893FD-7B72-4081-99D2-5DA9D75FA640}.Release|Any CPU.ActiveCfg = Release|Any CPU
		{32B893FD-7B72-4081-99D2-5DA9D75FA640}.Release|Any CPU.Build.0 = Release|Any CPU
		{3E25A23B-EF72-46FE-B8CF-875F010A492A}.Debug|Any CPU.ActiveCfg = Debug|Any CPU
		{3E25A23B-EF72-46FE-B8CF-875F010A492A}.Debug|Any CPU.Build.0 = Debug|Any CPU
		{3E25A23B-EF72-46FE-B8CF-875F010A492A}.Release|Any CPU.ActiveCfg = Release|Any CPU
		{3E25A23B-EF72-46FE-B8CF-875F010A492A}.Release|Any CPU.Build.0 = Release|Any CPU
	EndGlobalSection
	GlobalSection(SolutionProperties) = preSolution
		HideSolutionNode = FALSE
	EndGlobalSection
	GlobalSection(ExtensibilityGlobals) = postSolution
		SolutionGuid = {ECDE545A-8AF6-47BC-BB53-DFCCCF61BD1F}
	EndGlobalSection
EndGlobal
